
Microsoft Visual Studio Solution File, Format Version 12.00
# Visual Studio 14
VisualStudioVersion = 14.0.24720.0
MinimumVisualStudioVersion = 10.0.40219.1
Project("{FAE04EC0-301F-11D3-BF4B-00C04F79EFBC}") = "Rails", "Rails\Rails.csproj", "{34994B47-D80F-4030-8CC0-4FDFF7435FC0}"
EndProject
Project("{FAE04EC0-301F-11D3-BF4B-00C04F79EFBC}") = "Rails.Tests", "Rails.Tests\Rails.Tests.csproj", "{4DA6938D-7A7A-4B8E-8F89-A4448C9F4F1C}"
EndProject
Global
	GlobalSection(SolutionConfigurationPlatforms) = preSolution
		Debug|Any CPU = Debug|Any CPU
		Release|Any CPU = Release|Any CPU
	EndGlobalSection
	GlobalSection(ProjectConfigurationPlatforms) = postSolution
		{34994B47-D80F-4030-8CC0-4FDFF7435FC0}.Debug|Any CPU.ActiveCfg = Debug|Any CPU
		{34994B47-D80F-4030-8CC0-4FDFF7435FC0}.Debug|Any CPU.Build.0 = Debug|Any CPU
		{34994B47-D80F-4030-8CC0-4FDFF7435FC0}.Release|Any CPU.ActiveCfg = Release|Any CPU
		{34994B47-D80F-4030-8CC0-4FDFF7435FC0}.Release|Any CPU.Build.0 = Release|Any CPU
		{4DA6938D-7A7A-4B8E-8F89-A4448C9F4F1C}.Debug|Any CPU.ActiveCfg = Debug|Any CPU
		{4DA6938D-7A7A-4B8E-8F89-A4448C9F4F1C}.Debug|Any CPU.Build.0 = Debug|Any CPU
		{4DA6938D-7A7A-4B8E-8F89-A4448C9F4F1C}.Release|Any CPU.ActiveCfg = Release|Any CPU
		{4DA6938D-7A7A-4B8E-8F89-A4448C9F4F1C}.Release|Any CPU.Build.0 = Release|Any CPU
	EndGlobalSection
	GlobalSection(SolutionProperties) = preSolution
		HideSolutionNode = FALSE
	EndGlobalSection
EndGlobal
